
Microsoft Visual Studio Solution File, Format Version 12.00
# Visual Studio Version 17
VisualStudioVersion = 17.1.32407.343
MinimumVisualStudioVersion = 10.0.40219.1
Project("{FAE04EC0-301F-11D3-BF4B-00C04F79EFBC}") = "OrangeHRM", "OrangeHRM\OrangeHRM.csproj", "{DA6D91C9-1B5E-4831-82C8-EA89E2C8C0B5}"
EndProject
Project("{FAE04EC0-301F-11D3-BF4B-00C04F79EFBC}") = "Framework", "Framework\Framework.csproj", "{46914E1F-1C47-4079-BF9A-E072DAC89994}"
EndProject
Project("{FAE04EC0-301F-11D3-BF4B-00C04F79EFBC}") = "OrangeHRM.Tests", "OrangeHRM.Tests\OrangeHRM.Tests.csproj", "{183A9C8B-4878-4826-8AAE-FF892709A184}"
EndProject
Global
	GlobalSection(SolutionConfigurationPlatforms) = preSolution
		Debug|Any CPU = Debug|Any CPU
		Release|Any CPU = Release|Any CPU
	EndGlobalSection
	GlobalSection(ProjectConfigurationPlatforms) = postSolution
		{DA6D91C9-1B5E-4831-82C8-EA89E2C8C0B5}.Debug|Any CPU.ActiveCfg = Debug|Any CPU
		{DA6D91C9-1B5E-4831-82C8-EA89E2C8C0B5}.Debug|Any CPU.Build.0 = Debug|Any CPU
		{DA6D91C9-1B5E-4831-82C8-EA89E2C8C0B5}.Release|Any CPU.ActiveCfg = Release|Any CPU
		{DA6D91C9-1B5E-4831-82C8-EA89E2C8C0B5}.Release|Any CPU.Build.0 = Release|Any CPU
		{46914E1F-1C47-4079-BF9A-E072DAC89994}.Debug|Any CPU.ActiveCfg = Debug|Any CPU
		{46914E1F-1C47-4079-BF9A-E072DAC89994}.Debug|Any CPU.Build.0 = Debug|Any CPU
		{46914E1F-1C47-4079-BF9A-E072DAC89994}.Release|Any CPU.ActiveCfg = Release|Any CPU
		{46914E1F-1C47-4079-BF9A-E072DAC89994}.Release|Any CPU.Build.0 = Release|Any CPU
		{183A9C8B-4878-4826-8AAE-FF892709A184}.Debug|Any CPU.ActiveCfg = Debug|Any CPU
		{183A9C8B-4878-4826-8AAE-FF892709A184}.Debug|Any CPU.Build.0 = Debug|Any CPU
		{183A9C8B-4878-4826-8AAE-FF892709A184}.Release|Any CPU.ActiveCfg = Release|Any CPU
		{183A9C8B-4878-4826-8AAE-FF892709A184}.Release|Any CPU.Build.0 = Release|Any CPU
	EndGlobalSection
	GlobalSection(SolutionProperties) = preSolution
		HideSolutionNode = FALSE
	EndGlobalSection
	GlobalSection(ExtensibilityGlobals) = postSolution
		SolutionGuid = {D587A307-4946-483B-9CCB-CB5B44E45D0E}
	EndGlobalSection
EndGlobal
